// !$*UTF8*$!
{
	archiveVersion = 1;
	classes = {
	};
	objectVersion = 50;
	objects = {

/* Begin PBXBuildFile section */
		D0AB3E0022CC8EBE000D5758 /* AppDelegate.swift in Sources */ = {isa = PBXBuildFile; fileRef = D0AB3DFF22CC8EBE000D5758 /* AppDelegate.swift */; };
		D0AB3E0222CC8EBE000D5758 /* ViewController.swift in Sources */ = {isa = PBXBuildFile; fileRef = D0AB3E0122CC8EBE000D5758 /* ViewController.swift */; };
		D0AB3E0522CC8EBE000D5758 /* Main.storyboard in Resources */ = {isa = PBXBuildFile; fileRef = D0AB3E0322CC8EBE000D5758 /* Main.storyboard */; };
		D0AB3E0722CC8EBF000D5758 /* Assets.xcassets in Resources */ = {isa = PBXBuildFile; fileRef = D0AB3E0622CC8EBF000D5758 /* Assets.xcassets */; };
		D0AB3E0A22CC8EBF000D5758 /* LaunchScreen.storyboard in Resources */ = {isa = PBXBuildFile; fileRef = D0AB3E0822CC8EBF000D5758 /* LaunchScreen.storyboard */; };
		D0AB3E4422CC9E61000D5758 /* apple.png in Resources */ = {isa = PBXBuildFile; fileRef = D0AB3E4322CC9E61000D5758 /* apple.png */; };
		D0AB3E4622CC9E70000D5758 /* onigiri.png in Resources */ = {isa = PBXBuildFile; fileRef = D0AB3E4522CC9E70000D5758 /* onigiri.png */; };
		D0AB3E4822CC9E77000D5758 /* lemon.png in Resources */ = {isa = PBXBuildFile; fileRef = D0AB3E4722CC9E77000D5758 /* lemon.png */; };
		D0AB3E4C22CCB801000D5758 /* ResultViewController.swift in Sources */ = {isa = PBXBuildFile; fileRef = D0AB3E4B22CCB801000D5758 /* ResultViewController.swift */; };
		D0AB3E4E22CCC262000D5758 /* onigiri.png in Resources */ = {isa = PBXBuildFile; fileRef = D0AB3E4D22CCC262000D5758 /* onigiri.png */; };
		D0AB3E5022CCC269000D5758 /* apple.png in Resources */ = {isa = PBXBuildFile; fileRef = D0AB3E4F22CCC269000D5758 /* apple.png */; };
		D0AB3E5222CCC270000D5758 /* lemon.png in Resources */ = {isa = PBXBuildFile; fileRef = D0AB3E5122CCC270000D5758 /* lemon.png */; };
/* End PBXBuildFile section */

/* Begin PBXFileReference section */
		D0AB3DFC22CC8EBE000D5758 /* SlideshowApp.app */ = {isa = PBXFileReference; explicitFileType = wrapper.application; includeInIndex = 0; path = SlideshowApp.app; sourceTree = BUILT_PRODUCTS_DIR; };
		D0AB3DFF22CC8EBE000D5758 /* AppDelegate.swift */ = {isa = PBXFileReference; lastKnownFileType = sourcecode.swift; path = AppDelegate.swift; sourceTree = "<group>"; };
		D0AB3E0122CC8EBE000D5758 /* ViewController.swift */ = {isa = PBXFileReference; lastKnownFileType = sourcecode.swift; path = ViewController.swift; sourceTree = "<group>"; };
		D0AB3E0422CC8EBE000D5758 /* Base */ = {isa = PBXFileReference; lastKnownFileType = file.storyboard; name = Base; path = Base.lproj/Main.storyboard; sourceTree = "<group>"; };
		D0AB3E0622CC8EBF000D5758 /* Assets.xcassets */ = {isa = PBXFileReference; lastKnownFileType = folder.assetcatalog; path = Assets.xcassets; sourceTree = "<group>"; };
		D0AB3E0922CC8EBF000D5758 /* Base */ = {isa = PBXFileReference; lastKnownFileType = file.storyboard; name = Base; path = Base.lproj/LaunchScreen.storyboard; sourceTree = "<group>"; };
		D0AB3E0B22CC8EBF000D5758 /* Info.plist */ = {isa = PBXFileReference; lastKnownFileType = text.plist.xml; path = Info.plist; sourceTree = "<group>"; };
		D0AB3E4322CC9E61000D5758 /* apple.png */ = {isa = PBXFileReference; lastKnownFileType = image.png; path = apple.png; sourceTree = "<group>"; };
		D0AB3E4522CC9E70000D5758 /* onigiri.png */ = {isa = PBXFileReference; lastKnownFileType = image.png; path = onigiri.png; sourceTree = "<group>"; };
		D0AB3E4722CC9E77000D5758 /* lemon.png */ = {isa = PBXFileReference; lastKnownFileType = image.png; path = lemon.png; sourceTree = "<group>"; };
		D0AB3E4B22CCB801000D5758 /* ResultViewController.swift */ = {isa = PBXFileReference; lastKnownFileType = sourcecode.swift; path = ResultViewController.swift; sourceTree = "<group>"; };
		D0AB3E4D22CCC262000D5758 /* onigiri.png */ = {isa = PBXFileReference; lastKnownFileType = image.png; path = onigiri.png; sourceTree = "<group>"; };
		D0AB3E4F22CCC269000D5758 /* apple.png */ = {isa = PBXFileReference; lastKnownFileType = image.png; path = apple.png; sourceTree = "<group>"; };
		D0AB3E5122CCC270000D5758 /* lemon.png */ = {isa = PBXFileReference; lastKnownFileType = image.png; path = lemon.png; sourceTree = "<group>"; };
/* End PBXFileReference section */

/* Begin PBXFrameworksBuildPhase section */
		D0AB3DF922CC8EBE000D5758 /* Frameworks */ = {
			isa = PBXFrameworksBuildPhase;
			buildActionMask = 2147483647;
			files = (
			);
			runOnlyForDeploymentPostprocessing = 0;
		};
/* End PBXFrameworksBuildPhase section */

/* Begin PBXGroup section */
		D0AB3DF322CC8EBE000D5758 = {
			isa = PBXGroup;
			children = (
				D0AB3E4B22CCB801000D5758 /* ResultViewController.swift */,
				D0AB3E5122CCC270000D5758 /* lemon.png */,
				D0AB3E4F22CCC269000D5758 /* apple.png */,
				D0AB3E4D22CCC262000D5758 /* onigiri.png */,
				D0AB3DFE22CC8EBE000D5758 /* SlideshowApp */,
				D0AB3DFD22CC8EBE000D5758 /* Products */,
			);
			sourceTree = "<group>";
		};
		D0AB3DFD22CC8EBE000D5758 /* Products */ = {
			isa = PBXGroup;
			children = (
				D0AB3DFC22CC8EBE000D5758 /* SlideshowApp.app */,
			);
			name = Products;
			sourceTree = "<group>";
		};
		D0AB3DFE22CC8EBE000D5758 /* SlideshowApp */ = {
			isa = PBXGroup;
			children = (
				D0AB3DFF22CC8EBE000D5758 /* AppDelegate.swift */,
				D0AB3E0122CC8EBE000D5758 /* ViewController.swift */,
				D0AB3E4722CC9E77000D5758 /* lemon.png */,
				D0AB3E4522CC9E70000D5758 /* onigiri.png */,
				D0AB3E4322CC9E61000D5758 /* apple.png */,
				D0AB3E0322CC8EBE000D5758 /* Main.storyboard */,
				D0AB3E0622CC8EBF000D5758 /* Assets.xcassets */,
				D0AB3E0822CC8EBF000D5758 /* LaunchScreen.storyboard */,
				D0AB3E0B22CC8EBF000D5758 /* Info.plist */,
			);
			path = SlideshowApp;
			sourceTree = "<group>";
		};
/* End PBXGroup section */

/* Begin PBXNativeTarget section */
		D0AB3DFB22CC8EBE000D5758 /* SlideshowApp */ = {
			isa = PBXNativeTarget;
			buildConfigurationList = D0AB3E0E22CC8EBF000D5758 /* Build configuration list for PBXNativeTarget "SlideshowApp" */;
			buildPhases = (
				D0AB3DF822CC8EBE000D5758 /* Sources */,
				D0AB3DF922CC8EBE000D5758 /* Frameworks */,
				D0AB3DFA22CC8EBE000D5758 /* Resources */,
			);
			buildRules = (
			);
			dependencies = (
			);
			name = SlideshowApp;
			productName = SlideshowApp;
			productReference = D0AB3DFC22CC8EBE000D5758 /* SlideshowApp.app */;
			productType = "com.apple.product-type.application";
		};
/* End PBXNativeTarget section */

/* Begin PBXProject section */
		D0AB3DF422CC8EBE000D5758 /* Project object */ = {
			isa = PBXProject;
			attributes = {
				LastSwiftUpdateCheck = 1020;
				LastUpgradeCheck = 1020;
				ORGANIZATIONNAME = shinji.misaka;
				TargetAttributes = {
					D0AB3DFB22CC8EBE000D5758 = {
						CreatedOnToolsVersion = 10.2.1;
					};
				};
			};
			buildConfigurationList = D0AB3DF722CC8EBE000D5758 /* Build configuration list for PBXProject "SlideshowApp" */;
			compatibilityVersion = "Xcode 9.3";
			developmentRegion = en;
			hasScannedForEncodings = 0;
			knownRegions = (
				en,
				Base,
			);
			mainGroup = D0AB3DF322CC8EBE000D5758;
			productRefGroup = D0AB3DFD22CC8EBE000D5758 /* Products */;
			projectDirPath = "";
			projectRoot = "";
			targets = (
				D0AB3DFB22CC8EBE000D5758 /* SlideshowApp */,
			);
		};
/* End PBXProject section */

/* Begin PBXResourcesBuildPhase section */
		D0AB3DFA22CC8EBE000D5758 /* Resources */ = {
			isa = PBXResourcesBuildPhase;
			buildActionMask = 2147483647;
			files = (
				D0AB3E0A22CC8EBF000D5758 /* LaunchScreen.storyboard in Resources */,
				D0AB3E0722CC8EBF000D5758 /* Assets.xcassets in Resources */,
				D0AB3E5222CCC270000D5758 /* lemon.png in Resources */,
				D0AB3E4E22CCC262000D5758 /* onigiri.png in Resources */,
				D0AB3E4622CC9E70000D5758 /* onigiri.png in Resources */,
				D0AB3E4422CC9E61000D5758 /* apple.png in Resources */,
				D0AB3E0522CC8EBE000D5758 /* Main.storyboard in Resources */,
				D0AB3E5022CCC269000D5758 /* apple.png in Resources */,
				D0AB3E4822CC9E77000D5758 /* lemon.png in Resources */,
			);
			runOnlyForDeploymentPostprocessing = 0;
		};
/* End PBXResourcesBuildPhase section */

/* Begin PBXSourcesBuildPhase section */
		D0AB3DF822CC8EBE000D5758 /* Sources */ = {
			isa = PBXSourcesBuildPhase;
			buildActionMask = 2147483647;
			files = (
				D0AB3E0222CC8EBE000D5758 /* ViewController.swift in Sources */,
				D0AB3E0022CC8EBE000D5758 /* AppDelegate.swift in Sources */,
				D0AB3E4C22CCB801000D5758 /* ResultViewController.swift in Sources */,
			);
			runOnlyForDeploymentPostprocessing = 0;
		};
/* End PBXSourcesBuildPhase section */

/* Begin PBXVariantGroup section */
		D0AB3E0322CC8EBE000D5758 /* Main.storyboard */ = {
			isa = PBXVariantGroup;
			children = (
				D0AB3E0422CC8EBE000D5758 /* Base */,
			);
			name = Main.storyboard;
			sourceTree = "<group>";
		};
		D0AB3E0822CC8EBF000D5758 /* LaunchScreen.storyboard */ = {
			isa = PBXVariantGroup;
			children = (
				D0AB3E0922CC8EBF000D5758 /* Base */,
			);
			name = LaunchScreen.storyboard;
			sourceTree = "<group>";
		};
/* End PBXVariantGroup section */

/* Begin XCBuildConfiguration section */
		D0AB3E0C22CC8EBF000D5758 /* Debug */ = {
			isa = XCBuildConfiguration;
			buildSettings = {
				ALWAYS_SEARCH_USER_PATHS = NO;
				CLANG_ANALYZER_NONNULL = YES;
				CLANG_ANALYZER_NUMBER_OBJECT_CONVERSION = YES_AGGRESSIVE;
				CLANG_CXX_LANGUAGE_STANDARD = "gnu++14";
				CLANG_CXX_LIBRARY = "libc++";
				CLANG_ENABLE_MODULES = YES;
				CLANG_ENABLE_OBJC_ARC = YES;
				CLANG_ENABLE_OBJC_WEAK = YES;
				CLANG_WARN_BLOCK_CAPTURE_AUTORELEASING = YES;
				CLANG_WARN_BOOL_CONVERSION = YES;
				CLANG_WARN_COMMA = YES;
				CLANG_WARN_CONSTANT_CONVERSION = YES;
				CLANG_WARN_DEPRECATED_OBJC_IMPLEMENTATIONS = YES;
				CLANG_WARN_DIRECT_OBJC_ISA_USAGE = YES_ERROR;
				CLANG_WARN_DOCUMENTATION_COMMENTS = YES;
				CLANG_WARN_EMPTY_BODY = YES;
				CLANG_WARN_ENUM_CONVERSION = YES;
				CLANG_WARN_INFINITE_RECURSION = YES;
				CLANG_WARN_INT_CONVERSION = YES;
				CLANG_WARN_NON_LITERAL_NULL_CONVERSION = YES;
				CLANG_WARN_OBJC_IMPLICIT_RETAIN_SELF = YES;
				CLANG_WARN_OBJC_LITERAL_CONVERSION = YES;
				CLANG_WARN_OBJC_ROOT_CLASS = YES_ERROR;
				CLANG_WARN_RANGE_LOOP_ANALYSIS = YES;
				CLANG_WARN_STRICT_PROTOTYPES = YES;
				CLANG_WARN_SUSPICIOUS_MOVE = YES;
				CLANG_WARN_UNGUARDED_AVAILABILITY = YES_AGGRESSIVE;
				CLANG_WARN_UNREACHABLE_CODE = YES;
				CLANG_WARN__DUPLICATE_METHOD_MATCH = YES;
				CODE_SIGN_IDENTITY = "iPhone Developer";
				COPY_PHASE_STRIP = NO;
				DEBUG_INFORMATION_FORMAT = dwarf;
				ENABLE_STRICT_OBJC_MSGSEND = YES;
				ENABLE_TESTABILITY = YES;
				GCC_C_LANGUAGE_STANDARD = gnu11;
				GCC_DYNAMIC_NO_PIC = NO;
				GCC_NO_COMMON_BLOCKS = YES;
				GCC_OPTIMIZATION_LEVEL = 0;
				GCC_PREPROCESSOR_DEFINITIONS = (
					"DEBUG=1",
					"$(inherited)",
				);
				GCC_WARN_64_TO_32_BIT_CONVERSION = YES;
				GCC_WARN_ABOUT_RETURN_TYPE = YES_ERROR;
				GCC_WARN_UNDECLARED_SELECTOR = YES;
				GCC_WARN_UNINITIALIZED_AUTOS = YES_AGGRESSIVE;
				GCC_WARN_UNUSED_FUNCTION = YES;
				GCC_WARN_UNUSED_VARIABLE = YES;
				IPHONEOS_DEPLOYMENT_TARGET = 12.2;
				MTL_ENABLE_DEBUG_INFO = INCLUDE_SOURCE;
				MTL_FAST_MATH = YES;
				ONLY_ACTIVE_ARCH = YES;
				SDKROOT = iphoneos;
				SWIFT_ACTIVE_COMPILATION_CONDITIONS = DEBUG;
				SWIFT_OPTIMIZATION_LEVEL = "-Onone";
			};
			name = Debug;
		};
		D0AB3E0D22CC8EBF000D5758 /* Release */ = {
			isa = XCBuildConfiguration;
			buildSettings = {
				ALWAYS_SEARCH_USER_PATHS = NO;
				CLANG_ANALYZER_NONNULL = YES;
				CLANG_ANALYZER_NUMBER_OBJECT_CONVERSION = YES_AGGRESSIVE;
				CLANG_CXX_LANGUAGE_STANDARD = "gnu++14";
				CLANG_CXX_LIBRARY = "libc++";
				CLANG_ENABLE_MODULES = YES;
				CLANG_ENABLE_OBJC_ARC = YES;
				CLANG_ENABLE_OBJC_WEAK = YES;
				CLANG_WARN_BLOCK_CAPTURE_AUTORELEASING = YES;
				CLANG_WARN_BOOL_CONVERSION = YES;
				CLANG_WARN_COMMA = YES;
				CLANG_WARN_CONSTANT_CONVERSION = YES;
				CLANG_WARN_DEPRECATED_OBJC_IMPLEMENTATIONS = YES;
				CLANG_WARN_DIRECT_OBJC_ISA_USAGE = YES_ERROR;
				CLANG_WARN_DOCUMENTATION_COMMENTS = YES;
				CLANG_WARN_EMPTY_BODY = YES;
				CLANG_WARN_ENUM_CONVERSION = YES;
				CLANG_WARN_INFINITE_RECURSION = YES;
				CLANG_WARN_INT_CONVERSION = YES;
				CLANG_WARN_NON_LITERAL_NULL_CONVERSION = YES;
				CLANG_WARN_OBJC_IMPLICIT_RETAIN_SELF = YES;
				CLANG_WARN_OBJC_LITERAL_CONVERSION = YES;
				CLANG_WARN_OBJC_ROOT_CLASS = YES_ERROR;
				CLANG_WARN_RANGE_LOOP_ANALYSIS = YES;
				CLANG_WARN_STRICT_PROTOTYPES = YES;
				CLANG_WARN_SUSPICIOUS_MOVE = YES;
				CLANG_WARN_UNGUARDED_AVAILABILITY = YES_AGGRESSIVE;
				CLANG_WARN_UNREACHABLE_CODE = YES;
				CLANG_WARN__DUPLICATE_METHOD_MATCH = YES;
				CODE_SIGN_IDENTITY = "iPhone Developer";
				COPY_PHASE_STRIP = NO;
				DEBUG_INFORMATION_FORMAT = "dwarf-with-dsym";
				ENABLE_NS_ASSERTIONS = NO;
				ENABLE_STRICT_OBJC_MSGSEND = YES;
				GCC_C_LANGUAGE_STANDARD = gnu11;
				GCC_NO_COMMON_BLOCKS = YES;
				GCC_WARN_64_TO_32_BIT_CONVERSION = YES;
				GCC_WARN_ABOUT_RETURN_TYPE = YES_ERROR;
				GCC_WARN_UNDECLARED_SELECTOR = YES;
				GCC_WARN_UNINITIALIZED_AUTOS = YES_AGGRESSIVE;
				GCC_WARN_UNUSED_FUNCTION = YES;
				GCC_WARN_UNUSED_VARIABLE = YES;
				IPHONEOS_DEPLOYMENT_TARGET = 12.2;
				MTL_ENABLE_DEBUG_INFO = NO;
				MTL_FAST_MATH = YES;
				SDKROOT = iphoneos;
				SWIFT_COMPILATION_MODE = wholemodule;
				SWIFT_OPTIMIZATION_LEVEL = "-O";
				VALIDATE_PRODUCT = YES;
			};
			name = Release;
		};
		D0AB3E0F22CC8EBF000D5758 /* Debug */ = {
			isa = XCBuildConfiguration;
			buildSettings = {
				ASSETCATALOG_COMPILER_APPICON_NAME = AppIcon;
				CODE_SIGN_STYLE = Automatic;
				DEVELOPMENT_TEAM = R572RCVA7U;
				INFOPLIST_FILE = SlideshowApp/Info.plist;
				LD_RUNPATH_SEARCH_PATHS = (
					"$(inherited)",
					"@executable_path/Frameworks",
				);
				PRODUCT_BUNDLE_IDENTIFIER = jp.techacademy.shinji.misaka.SlideshowApp;
				PRODUCT_NAME = "$(TARGET_NAME)";
				SWIFT_VERSION = 5.0;
				TARGETED_DEVICE_FAMILY = "1,2";
			};
			name = Debug;
		};
		D0AB3E1022CC8EBF000D5758 /* Release */ = {
			isa = XCBuildConfiguration;
			buildSettings = {
				ASSETCATALOG_COMPILER_APPICON_NAME = AppIcon;
				CODE_SIGN_STYLE = Automatic;
				DEVELOPMENT_TEAM = R572RCVA7U;
				INFOPLIST_FILE = SlideshowApp/Info.plist;
				LD_RUNPATH_SEARCH_PATHS = (
					"$(inherited)",
					"@executable_path/Frameworks",
				);
				PRODUCT_BUNDLE_IDENTIFIER = jp.techacademy.shinji.misaka.SlideshowApp;
				PRODUCT_NAME = "$(TARGET_NAME)";
				SWIFT_VERSION = 5.0;
				TARGETED_DEVICE_FAMILY = "1,2";
			};
			name = Release;
		};
/* End XCBuildConfiguration section */

/* Begin XCConfigurationList section */
		D0AB3DF722CC8EBE000D5758 /* Build configuration list for PBXProject "SlideshowApp" */ = {
			isa = XCConfigurationList;
			buildConfigurations = (
				D0AB3E0C22CC8EBF000D5758 /* Debug */,
				D0AB3E0D22CC8EBF000D5758 /* Release */,
			);
			defaultConfigurationIsVisible = 0;
			defaultConfigurationName = Release;
		};
		D0AB3E0E22CC8EBF000D5758 /* Build configuration list for PBXNativeTarget "SlideshowApp" */ = {
			isa = XCConfigurationList;
			buildConfigurations = (
				D0AB3E0F22CC8EBF000D5758 /* Debug */,
				D0AB3E1022CC8EBF000D5758 /* Release */,
			);
			defaultConfigurationIsVisible = 0;
			defaultConfigurationName = Release;
		};
/* End XCConfigurationList section */
	};
	rootObject = D0AB3DF422CC8EBE000D5758 /* Project object */;
}
